
Microsoft Visual Studio Solution File, Format Version 12.00
# Visual Studio Version 17
VisualStudioVersion = 17.0.31903.59
MinimumVisualStudioVersion = 10.0.40219.1
Project("{2150E333-8FDC-42A3-9474-1A3956D46DE8}") = "src", "src", "{999027AC-B144-47C7-B0FE-6A3CAF35D38C}"
EndProject
Project("{2150E333-8FDC-42A3-9474-1A3956D46DE8}") = "00.Main", "00.Main", "{7D9A8F40-0DE5-4462-AAB2-0E9C640228E0}"
EndProject
Project("{FAE04EC0-301F-11D3-BF4B-00C04F79EFBC}") = "NexaOne.Server", "src\00.Main\NexaOne.Server\NexaOne.Server.csproj", "{A1B2C3D4-E5F6-7890-ABCD-EF0987654321}"
EndProject
Project("{2150E333-8FDC-42A3-9474-1A3956D46DE8}") = "02.Backend", "02.Backend", "{A5528A04-2FE7-4BBD-95EC-7F8C82EB9950}"
EndProject
Project("{FAE04EC0-301F-11D3-BF4B-00C04F79EFBC}") = "NexaOne.Common", "src\02.Backend\NexaOne.Common\NexaOne.Common.csproj", "{C1D2E3F4-A5B6-7890-ABCD-EF1234509876}"
EndProject
Project("{FAE04EC0-301F-11D3-BF4B-00C04F79EFBC}") = "NexaOne.Infrastructure.Messaging", "src\02.Backend\NexaOne.Infrastructure.Messaging\NexaOne.Infrastructure.Messaging.csproj", "{21F2782D-4BBB-49EE-841D-CF32AC376C74}"
EndProject
Project("{2150E333-8FDC-42A3-9474-1A3956D46DE8}") = "03.Driver", "03.Driver", "{1A8F0D4A-0971-46FE-B0BF-20B1A9493EEB}"
EndProject
Project("{2150E333-8FDC-42A3-9474-1A3956D46DE8}") = "01.Db", "01.Db", "{E87C0880-9524-420B-88FB-337DEB414ACC}"
EndProject
Project("{FAE04EC0-301F-11D3-BF4B-00C04F79EFBC}") = "NexaDB.Data.MsSql", "submodules\NexaDB\src\NexaDB.Data.MsSql\NexaDB.Data.MsSql.csproj", "{46E0E3A7-24A7-4F45-8F81-C59DA3E688CF}"
EndProject
Project("{2150E333-8FDC-42A3-9474-1A3956D46DE8}") = "02.Communication", "02.Communication", "{9A61DC4C-12A5-4059-986C-DF86433FD79B}"
EndProject
Project("{2150E333-8FDC-42A3-9474-1A3956D46DE8}") = "04.Modules", "04.Modules", "{2AB7BA82-929A-4618-9063-BF4A0F293FFB}"
EndProject
Project("{FAE04EC0-301F-11D3-BF4B-00C04F79EFBC}") = "NexaOne.SHP", "src\04.Modules\NexaOne.SHP\NexaOne.SHP.csproj", "{23FBB7C5-9E60-4954-95EE-B9A68370D86B}"
EndProject
Project("{FAE04EC0-301F-11D3-BF4B-00C04F79EFBC}") = "NexaOne.EST", "src\04.Modules\NexaOne.EST\NexaOne.EST.csproj", "{B2213572-6029-4661-959D-62DEDF593304}"
EndProject
Project("{FAE04EC0-301F-11D3-BF4B-00C04F79EFBC}") = "NexaOne.FDC", "src\04.Modules\NexaOne.FDC\NexaOne.FDC.csproj", "{DC2FD5B3-1352-4896-A50E-34AA8D1DA18B}"
EndProject
Project("{FAE04EC0-301F-11D3-BF4B-00C04F79EFBC}") = "NexaOne.MDM", "src\04.Modules\NexaOne.MDM\NexaOne.MDM.csproj", "{882A4132-DDA3-4BB6-BE82-EE7BFEE8460D}"
EndProject
Project("{FAE04EC0-301F-11D3-BF4B-00C04F79EFBC}") = "NexaOne.POM", "src\04.Modules\NexaOne.POM\NexaOne.POM.csproj", "{0B57A972-EB69-4237-8612-A0F7EC0D682D}"
EndProject
Project("{FAE04EC0-301F-11D3-BF4B-00C04F79EFBC}") = "NexaOne.QMS", "src\04.Modules\NexaOne.QMS\NexaOne.QMS.csproj", "{9E7FF75A-54CE-4522-B8D5-19FE34049519}"
EndProject
Project("{FAE04EC0-301F-11D3-BF4B-00C04F79EFBC}") = "NexaOne.RMS", "src\04.Modules\NexaOne.RMS\NexaOne.RMS.csproj", "{11349145-0C2D-49D4-A7D3-8DDBC0317375}"
EndProject
Project("{FAE04EC0-301F-11D3-BF4B-00C04F79EFBC}") = "NexaOne.SYS", "src\04.Modules\NexaOne.SYS\NexaOne.SYS.csproj", "{5BAC5B3E-45B2-4A9F-8116-97DAC386403F}"
EndProject
Project("{FAE04EC0-301F-11D3-BF4B-00C04F79EFBC}") = "NexaOne.EMS", "src\04.Modules\NexaOne.EMS\NexaOne.EMS.csproj", "{B6A1DFA2-431C-4F38-9E77-2C21CCB02C91}"
EndProject
Project("{FAE04EC0-301F-11D3-BF4B-00C04F79EFBC}") = "NexaOne.IVT", "src\04.Modules\NexaOne.IVT\NexaOne.IVT.csproj", "{3868562C-BB48-4343-A1BC-811F2B59CD4C}"
EndProject
Project("{2150E333-8FDC-42A3-9474-1A3956D46DE8}") = "01.Web", "01.Web", "{D7E8F9A0-B1C2-4D3E-A5F6-789012345678}"
EndProject
Project("{2150E333-8FDC-42A3-9474-1A3956D46DE8}") = "test", "test", "{C010724E-BB11-4804-89D8-121953CE48BF}"
EndProject
Project("{FAE04EC0-301F-11D3-BF4B-00C04F79EFBC}") = "NexaOne.UnitTests", "test\NexaOne.UnitTests\NexaOne.UnitTests.csproj", "{EF9C81B6-8801-4A33-A903-9F283BD92830}"
EndProject
Project("{FAE04EC0-301F-11D3-BF4B-00C04F79EFBC}") = "NexaDB.Messaging.Kafka", "submodules\NexaDB\src\NexaDB.Messaging.Kafka\NexaDB.Messaging.Kafka.csproj", "{334AF576-4BBD-4A06-901D-F8C5F1D26CAC}"
EndProject
Project("{FAE04EC0-301F-11D3-BF4B-00C04F79EFBC}") = "NexaDB.Notify.SmtpEmail", "submodules\NexaDB\src\NexaDB.Notify.SmtpEmail\NexaDB.Notify.SmtpEmail.csproj", "{CA1256C2-DB7A-4964-AF81-2027269E47A8}"
EndProject
Project("{FAE04EC0-301F-11D3-BF4B-00C04F79EFBC}") = "NexaOne.ServerTests", "test\NexaOne.ServerTests\NexaOne.ServerTests.csproj", "{75248E42-1A0E-4ACF-B66D-FC9D2C19CC97}"
EndProject
Project("{FAE04EC0-301F-11D3-BF4B-00C04F79EFBC}") = "NexaOne.Web.Components", "src\01.Web\NexaOne.Web.Components\NexaOne.Web.Components.csproj", "{BC0E2CD9-C695-40F9-B65A-1AE1C5137EA4}"
EndProject
Global
	GlobalSection(SolutionConfigurationPlatforms) = preSolution
		Debug|Any CPU = Debug|Any CPU
		Release|Any CPU = Release|Any CPU
	EndGlobalSection
	GlobalSection(ProjectConfigurationPlatforms) = postSolution
		{A1B2C3D4-E5F6-7890-ABCD-EF0987654321}.Debug|Any CPU.ActiveCfg = Debug|Any CPU
		{A1B2C3D4-E5F6-7890-ABCD-EF0987654321}.Debug|Any CPU.Build.0 = Debug|Any CPU
		{A1B2C3D4-E5F6-7890-ABCD-EF0987654321}.Release|Any CPU.ActiveCfg = Release|Any CPU
		{A1B2C3D4-E5F6-7890-ABCD-EF0987654321}.Release|Any CPU.Build.0 = Release|Any CPU
		{C1D2E3F4-A5B6-7890-ABCD-EF1234509876}.Debug|Any CPU.ActiveCfg = Debug|Any CPU
		{C1D2E3F4-A5B6-7890-ABCD-EF1234509876}.Debug|Any CPU.Build.0 = Debug|Any CPU
		{C1D2E3F4-A5B6-7890-ABCD-EF1234509876}.Release|Any CPU.ActiveCfg = Release|Any CPU
		{C1D2E3F4-A5B6-7890-ABCD-EF1234509876}.Release|Any CPU.Build.0 = Release|Any CPU
		{21F2782D-4BBB-49EE-841D-CF32AC376C74}.Debug|Any CPU.ActiveCfg = Debug|Any CPU
		{21F2782D-4BBB-49EE-841D-CF32AC376C74}.Debug|Any CPU.Build.0 = Debug|Any CPU
		{21F2782D-4BBB-49EE-841D-CF32AC376C74}.Release|Any CPU.ActiveCfg = Release|Any CPU
		{21F2782D-4BBB-49EE-841D-CF32AC376C74}.Release|Any CPU.Build.0 = Release|Any CPU
		{46E0E3A7-24A7-4F45-8F81-C59DA3E688CF}.Debug|Any CPU.ActiveCfg = Debug|Any CPU
		{46E0E3A7-24A7-4F45-8F81-C59DA3E688CF}.Debug|Any CPU.Build.0 = Debug|Any CPU
		{46E0E3A7-24A7-4F45-8F81-C59DA3E688CF}.Release|Any CPU.ActiveCfg = Release|Any CPU
		{46E0E3A7-24A7-4F45-8F81-C59DA3E688CF}.Release|Any CPU.Build.0 = Release|Any CPU
		{23FBB7C5-9E60-4954-95EE-B9A68370D86B}.Debug|Any CPU.ActiveCfg = Debug|Any CPU
		{23FBB7C5-9E60-4954-95EE-B9A68370D86B}.Debug|Any CPU.Build.0 = Debug|Any CPU
		{23FBB7C5-9E60-4954-95EE-B9A68370D86B}.Release|Any CPU.ActiveCfg = Release|Any CPU
		{23FBB7C5-9E60-4954-95EE-B9A68370D86B}.Release|Any CPU.Build.0 = Release|Any CPU
		{B2213572-6029-4661-959D-62DEDF593304}.Debug|Any CPU.ActiveCfg = Debug|Any CPU
		{B2213572-6029-4661-959D-62DEDF593304}.Debug|Any CPU.Build.0 = Debug|Any CPU
		{B2213572-6029-4661-959D-62DEDF593304}.Release|Any CPU.ActiveCfg = Release|Any CPU
		{B2213572-6029-4661-959D-62DEDF593304}.Release|Any CPU.Build.0 = Release|Any CPU
		{DC2FD5B3-1352-4896-A50E-34AA8D1DA18B}.Debug|Any CPU.ActiveCfg = Debug|Any CPU
		{DC2FD5B3-1352-4896-A50E-34AA8D1DA18B}.Debug|Any CPU.Build.0 = Debug|Any CPU
		{DC2FD5B3-1352-4896-A50E-34AA8D1DA18B}.Release|Any CPU.ActiveCfg = Release|Any CPU
		{DC2FD5B3-1352-4896-A50E-34AA8D1DA18B}.Release|Any CPU.Build.0 = Release|Any CPU
		{882A4132-DDA3-4BB6-BE82-EE7BFEE8460D}.Debug|Any CPU.ActiveCfg = Debug|Any CPU
		{882A4132-DDA3-4BB6-BE82-EE7BFEE8460D}.Debug|Any CPU.Build.0 = Debug|Any CPU
		{882A4132-DDA3-4BB6-BE82-EE7BFEE8460D}.Release|Any CPU.ActiveCfg = Release|Any CPU
		{882A4132-DDA3-4BB6-BE82-EE7BFEE8460D}.Release|Any CPU.Build.0 = Release|Any CPU
		{0B57A972-EB69-4237-8612-A0F7EC0D682D}.Debug|Any CPU.ActiveCfg = Debug|Any CPU
		{0B57A972-EB69-4237-8612-A0F7EC0D682D}.Debug|Any CPU.Build.0 = Debug|Any CPU
		{0B57A972-EB69-4237-8612-A0F7EC0D682D}.Release|Any CPU.ActiveCfg = Release|Any CPU
		{0B57A972-EB69-4237-8612-A0F7EC0D682D}.Release|Any CPU.Build.0 = Release|Any CPU
		{9E7FF75A-54CE-4522-B8D5-19FE34049519}.Debug|Any CPU.ActiveCfg = Debug|Any CPU
		{9E7FF75A-54CE-4522-B8D5-19FE34049519}.Debug|Any CPU.Build.0 = Debug|Any CPU
		{9E7FF75A-54CE-4522-B8D5-19FE34049519}.Release|Any CPU.ActiveCfg = Release|Any CPU
		{9E7FF75A-54CE-4522-B8D5-19FE34049519}.Release|Any CPU.Build.0 = Release|Any CPU
		{11349145-0C2D-49D4-A7D3-8DDBC0317375}.Debug|Any CPU.ActiveCfg = Debug|Any CPU
		{11349145-0C2D-49D4-A7D3-8DDBC0317375}.Debug|Any CPU.Build.0 = Debug|Any CPU
		{11349145-0C2D-49D4-A7D3-8DDBC0317375}.Release|Any CPU.ActiveCfg = Release|Any CPU
		{11349145-0C2D-49D4-A7D3-8DDBC0317375}.Release|Any CPU.Build.0 = Release|Any CPU
		{5BAC5B3E-45B2-4A9F-8116-97DAC386403F}.Debug|Any CPU.ActiveCfg = Debug|Any CPU
		{5BAC5B3E-45B2-4A9F-8116-97DAC386403F}.Debug|Any CPU.Build.0 = Debug|Any CPU
		{5BAC5B3E-45B2-4A9F-8116-97DAC386403F}.Release|Any CPU.ActiveCfg = Release|Any CPU
		{5BAC5B3E-45B2-4A9F-8116-97DAC386403F}.Release|Any CPU.Build.0 = Release|Any CPU
		{B6A1DFA2-431C-4F38-9E77-2C21CCB02C91}.Debug|Any CPU.ActiveCfg = Debug|Any CPU
		{B6A1DFA2-431C-4F38-9E77-2C21CCB02C91}.Debug|Any CPU.Build.0 = Debug|Any CPU
		{B6A1DFA2-431C-4F38-9E77-2C21CCB02C91}.Release|Any CPU.ActiveCfg = Release|Any CPU
		{B6A1DFA2-431C-4F38-9E77-2C21CCB02C91}.Release|Any CPU.Build.0 = Release|Any CPU
		{3868562C-BB48-4343-A1BC-811F2B59CD4C}.Debug|Any CPU.ActiveCfg = Debug|Any CPU
		{3868562C-BB48-4343-A1BC-811F2B59CD4C}.Debug|Any CPU.Build.0 = Debug|Any CPU
		{3868562C-BB48-4343-A1BC-811F2B59CD4C}.Release|Any CPU.ActiveCfg = Release|Any CPU
		{3868562C-BB48-4343-A1BC-811F2B59CD4C}.Release|Any CPU.Build.0 = Release|Any CPU
		{EF9C81B6-8801-4A33-A903-9F283BD92830}.Debug|Any CPU.ActiveCfg = Debug|Any CPU
		{EF9C81B6-8801-4A33-A903-9F283BD92830}.Debug|Any CPU.Build.0 = Debug|Any CPU
		{EF9C81B6-8801-4A33-A903-9F283BD92830}.Release|Any CPU.ActiveCfg = Release|Any CPU
		{EF9C81B6-8801-4A33-A903-9F283BD92830}.Release|Any CPU.Build.0 = Release|Any CPU
		{334AF576-4BBD-4A06-901D-F8C5F1D26CAC}.Debug|Any CPU.ActiveCfg = Debug|Any CPU
		{334AF576-4BBD-4A06-901D-F8C5F1D26CAC}.Debug|Any CPU.Build.0 = Debug|Any CPU
		{334AF576-4BBD-4A06-901D-F8C5F1D26CAC}.Release|Any CPU.ActiveCfg = Release|Any CPU
		{334AF576-4BBD-4A06-901D-F8C5F1D26CAC}.Release|Any CPU.Build.0 = Release|Any CPU
		{CA1256C2-DB7A-4964-AF81-2027269E47A8}.Debug|Any CPU.ActiveCfg = Debug|Any CPU
		{CA1256C2-DB7A-4964-AF81-2027269E47A8}.Debug|Any CPU.Build.0 = Debug|Any CPU
		{CA1256C2-DB7A-4964-AF81-2027269E47A8}.Release|Any CPU.ActiveCfg = Release|Any CPU
		{CA1256C2-DB7A-4964-AF81-2027269E47A8}.Release|Any CPU.Build.0 = Release|Any CPU
		{75248E42-1A0E-4ACF-B66D-FC9D2C19CC97}.Debug|Any CPU.ActiveCfg = Debug|Any CPU
		{75248E42-1A0E-4ACF-B66D-FC9D2C19CC97}.Debug|Any CPU.Build.0 = Debug|Any CPU
		{75248E42-1A0E-4ACF-B66D-FC9D2C19CC97}.Release|Any CPU.ActiveCfg = Release|Any CPU
		{75248E42-1A0E-4ACF-B66D-FC9D2C19CC97}.Release|Any CPU.Build.0 = Release|Any CPU
		{BC0E2CD9-C695-40F9-B65A-1AE1C5137EA4}.Debug|Any CPU.ActiveCfg = Debug|Any CPU
		{BC0E2CD9-C695-40F9-B65A-1AE1C5137EA4}.Debug|Any CPU.Build.0 = Debug|Any CPU
		{BC0E2CD9-C695-40F9-B65A-1AE1C5137EA4}.Release|Any CPU.ActiveCfg = Release|Any CPU
		{BC0E2CD9-C695-40F9-B65A-1AE1C5137EA4}.Release|Any CPU.Build.0 = Release|Any CPU
	EndGlobalSection
	GlobalSection(SolutionProperties) = preSolution
		HideSolutionNode = FALSE
	EndGlobalSection
	GlobalSection(NestedProjects) = preSolution
		{7D9A8F40-0DE5-4462-AAB2-0E9C640228E0} = {999027AC-B144-47C7-B0FE-6A3CAF35D38C}
		{A1B2C3D4-E5F6-7890-ABCD-EF0987654321} = {7D9A8F40-0DE5-4462-AAB2-0E9C640228E0}
		{A5528A04-2FE7-4BBD-95EC-7F8C82EB9950} = {999027AC-B144-47C7-B0FE-6A3CAF35D38C}
		{C1D2E3F4-A5B6-7890-ABCD-EF1234509876} = {A5528A04-2FE7-4BBD-95EC-7F8C82EB9950}
		{21F2782D-4BBB-49EE-841D-CF32AC376C74} = {A5528A04-2FE7-4BBD-95EC-7F8C82EB9950}
		{1A8F0D4A-0971-46FE-B0BF-20B1A9493EEB} = {999027AC-B144-47C7-B0FE-6A3CAF35D38C}
		{E87C0880-9524-420B-88FB-337DEB414ACC} = {1A8F0D4A-0971-46FE-B0BF-20B1A9493EEB}
		{46E0E3A7-24A7-4F45-8F81-C59DA3E688CF} = {E87C0880-9524-420B-88FB-337DEB414ACC}
		{9A61DC4C-12A5-4059-986C-DF86433FD79B} = {1A8F0D4A-0971-46FE-B0BF-20B1A9493EEB}
		{2AB7BA82-929A-4618-9063-BF4A0F293FFB} = {999027AC-B144-47C7-B0FE-6A3CAF35D38C}
		{23FBB7C5-9E60-4954-95EE-B9A68370D86B} = {2AB7BA82-929A-4618-9063-BF4A0F293FFB}
		{B2213572-6029-4661-959D-62DEDF593304} = {2AB7BA82-929A-4618-9063-BF4A0F293FFB}
		{DC2FD5B3-1352-4896-A50E-34AA8D1DA18B} = {2AB7BA82-929A-4618-9063-BF4A0F293FFB}
		{882A4132-DDA3-4BB6-BE82-EE7BFEE8460D} = {2AB7BA82-929A-4618-9063-BF4A0F293FFB}
		{0B57A972-EB69-4237-8612-A0F7EC0D682D} = {2AB7BA82-929A-4618-9063-BF4A0F293FFB}
		{9E7FF75A-54CE-4522-B8D5-19FE34049519} = {2AB7BA82-929A-4618-9063-BF4A0F293FFB}
		{11349145-0C2D-49D4-A7D3-8DDBC0317375} = {2AB7BA82-929A-4618-9063-BF4A0F293FFB}
		{5BAC5B3E-45B2-4A9F-8116-97DAC386403F} = {2AB7BA82-929A-4618-9063-BF4A0F293FFB}
		{B6A1DFA2-431C-4F38-9E77-2C21CCB02C91} = {2AB7BA82-929A-4618-9063-BF4A0F293FFB}
		{3868562C-BB48-4343-A1BC-811F2B59CD4C} = {2AB7BA82-929A-4618-9063-BF4A0F293FFB}
		{D7E8F9A0-B1C2-4D3E-A5F6-789012345678} = {999027AC-B144-47C7-B0FE-6A3CAF35D38C}
		{EF9C81B6-8801-4A33-A903-9F283BD92830} = {C010724E-BB11-4804-89D8-121953CE48BF}
		{334AF576-4BBD-4A06-901D-F8C5F1D26CAC} = {9A61DC4C-12A5-4059-986C-DF86433FD79B}
		{CA1256C2-DB7A-4964-AF81-2027269E47A8} = {9A61DC4C-12A5-4059-986C-DF86433FD79B}
		{75248E42-1A0E-4ACF-B66D-FC9D2C19CC97} = {C010724E-BB11-4804-89D8-121953CE48BF}
		{BC0E2CD9-C695-40F9-B65A-1AE1C5137EA4} = {D7E8F9A0-B1C2-4D3E-A5F6-789012345678}
	EndGlobalSection
EndGlobal
